
Microsoft Visual Studio Solution File, Format Version 12.00
# Visual Studio Version 17
VisualStudioVersion = 17.1.32407.343
MinimumVisualStudioVersion = 10.0.40219.1
Project("{FAE04EC0-301F-11D3-BF4B-00C04F79EFBC}") = "Lekcija3_atkartoti", "Lekcija3_atkartoti\Lekcija3_atkartoti.csproj", "{565E9008-B6AE-4E7D-81B0-611782140E30}"
EndProject
Global
	GlobalSection(SolutionConfigurationPlatforms) = preSolution
		Debug|Any CPU = Debug|Any CPU
		Release|Any CPU = Release|Any CPU
	EndGlobalSection
	GlobalSection(ProjectConfigurationPlatforms) = postSolution
		{565E9008-B6AE-4E7D-81B0-611782140E30}.Debug|Any CPU.ActiveCfg = Debug|Any CPU
		{565E9008-B6AE-4E7D-81B0-611782140E30}.Debug|Any CPU.Build.0 = Debug|Any CPU
		{565E9008-B6AE-4E7D-81B0-611782140E30}.Release|Any CPU.ActiveCfg = Release|Any CPU
		{565E9008-B6AE-4E7D-81B0-611782140E30}.Release|Any CPU.Build.0 = Release|Any CPU
	EndGlobalSection
	GlobalSection(SolutionProperties) = preSolution
		HideSolutionNode = FALSE
	EndGlobalSection
	GlobalSection(ExtensibilityGlobals) = postSolution
		SolutionGuid = {AB22C906-C16F-4133-8703-17A08DECA7DB}
	EndGlobalSection
EndGlobal
